
Microsoft Visual Studio Solution File, Format Version 12.00
# Visual Studio Version 17
VisualStudioVersion = 17.3.32819.101
MinimumVisualStudioVersion = 10.0.40219.1
Project("{FAE04EC0-301F-11D3-BF4B-00C04F79EFBC}") = "Calculadora", "Calculadora\Calculadora.csproj", "{44B42840-4981-4EA4-B78B-2C8705BFA83E}"
EndProject
Global
	GlobalSection(SolutionConfigurationPlatforms) = preSolution
		Debug|Any CPU = Debug|Any CPU
		Release|Any CPU = Release|Any CPU
	EndGlobalSection
	GlobalSection(ProjectConfigurationPlatforms) = postSolution
		{44B42840-4981-4EA4-B78B-2C8705BFA83E}.Debug|Any CPU.ActiveCfg = Debug|Any CPU
		{44B42840-4981-4EA4-B78B-2C8705BFA83E}.Debug|Any CPU.Build.0 = Debug|Any CPU
		{44B42840-4981-4EA4-B78B-2C8705BFA83E}.Release|Any CPU.ActiveCfg = Release|Any CPU
		{44B42840-4981-4EA4-B78B-2C8705BFA83E}.Release|Any CPU.Build.0 = Release|Any CPU
	EndGlobalSection
	GlobalSection(SolutionProperties) = preSolution
		HideSolutionNode = FALSE
	EndGlobalSection
	GlobalSection(ExtensibilityGlobals) = postSolution
		SolutionGuid = {F3167730-DDD7-4197-A527-1EAECEA66CDC}
	EndGlobalSection
EndGlobal
